
Microsoft Visual Studio Solution File, Format Version 12.00
# Visual Studio Version 16
VisualStudioVersion = 16.0.29102.190
MinimumVisualStudioVersion = 10.0.40219.1
Project("{FAE04EC0-301F-11D3-BF4B-00C04F79EFBC}") = "LINQ", "LINQ.csproj", "{24EF57B5-11A7-4142-8B48-BC976958EEA5}"
EndProject
Global
	GlobalSection(SolutionConfigurationPlatforms) = preSolution
		Debug|Any CPU = Debug|Any CPU
		Release|Any CPU = Release|Any CPU
	EndGlobalSection
	GlobalSection(ProjectConfigurationPlatforms) = postSolution
		{24EF57B5-11A7-4142-8B48-BC976958EEA5}.Debug|Any CPU.ActiveCfg = Debug|Any CPU
		{24EF57B5-11A7-4142-8B48-BC976958EEA5}.Debug|Any CPU.Build.0 = Debug|Any CPU
		{24EF57B5-11A7-4142-8B48-BC976958EEA5}.Release|Any CPU.ActiveCfg = Release|Any CPU
		{24EF57B5-11A7-4142-8B48-BC976958EEA5}.Release|Any CPU.Build.0 = Release|Any CPU
	EndGlobalSection
	GlobalSection(SolutionProperties) = preSolution
		HideSolutionNode = FALSE
	EndGlobalSection
	GlobalSection(ExtensibilityGlobals) = postSolution
		SolutionGuid = {0DEEA989-B53E-40DA-8FED-BA8BE7CB6E08}
	EndGlobalSection
EndGlobal
