
Microsoft Visual Studio Solution File, Format Version 12.00
# Visual Studio Version 16
VisualStudioVersion = 16.0.29102.190
MinimumVisualStudioVersion = 10.0.40219.1
Project("{FAE04EC0-301F-11D3-BF4B-00C04F79EFBC}") = "IEnumerableProject", "IEnumerableProject.csproj", "{7BFF1470-E22A-49B8-932F-B97093EF86AD}"
EndProject
Global
	GlobalSection(SolutionConfigurationPlatforms) = preSolution
		Debug|Any CPU = Debug|Any CPU
		Release|Any CPU = Release|Any CPU
	EndGlobalSection
	GlobalSection(ProjectConfigurationPlatforms) = postSolution
		{7BFF1470-E22A-49B8-932F-B97093EF86AD}.Debug|Any CPU.ActiveCfg = Debug|Any CPU
		{7BFF1470-E22A-49B8-932F-B97093EF86AD}.Debug|Any CPU.Build.0 = Debug|Any CPU
		{7BFF1470-E22A-49B8-932F-B97093EF86AD}.Release|Any CPU.ActiveCfg = Release|Any CPU
		{7BFF1470-E22A-49B8-932F-B97093EF86AD}.Release|Any CPU.Build.0 = Release|Any CPU
	EndGlobalSection
	GlobalSection(SolutionProperties) = preSolution
		HideSolutionNode = FALSE
	EndGlobalSection
	GlobalSection(ExtensibilityGlobals) = postSolution
		SolutionGuid = {32567FFD-D364-4975-879C-0B7C305857AB}
	EndGlobalSection
EndGlobal
