
Microsoft Visual Studio Solution File, Format Version 12.00
# Visual Studio Version 16
VisualStudioVersion = 16.0.29102.190
MinimumVisualStudioVersion = 10.0.40219.1
Project("{FAE04EC0-301F-11D3-BF4B-00C04F79EFBC}") = "WindowsFormsApp2", "WindowsFormsApp2.csproj", "{3739B1BB-21B2-4B75-81D1-BB465A5EFD0D}"
EndProject
Project("{FAE04EC0-301F-11D3-BF4B-00C04F79EFBC}") = "PredicateDelegate", "..\PredicateDelegate\PredicateDelegate.csproj", "{4CD62F82-E742-4ADB-A398-1DC4689CBC20}"
EndProject
Global
	GlobalSection(SolutionConfigurationPlatforms) = preSolution
		Debug|Any CPU = Debug|Any CPU
		Release|Any CPU = Release|Any CPU
	EndGlobalSection
	GlobalSection(ProjectConfigurationPlatforms) = postSolution
		{3739B1BB-21B2-4B75-81D1-BB465A5EFD0D}.Debug|Any CPU.ActiveCfg = Debug|Any CPU
		{3739B1BB-21B2-4B75-81D1-BB465A5EFD0D}.Debug|Any CPU.Build.0 = Debug|Any CPU
		{3739B1BB-21B2-4B75-81D1-BB465A5EFD0D}.Release|Any CPU.ActiveCfg = Release|Any CPU
		{3739B1BB-21B2-4B75-81D1-BB465A5EFD0D}.Release|Any CPU.Build.0 = Release|Any CPU
		{4CD62F82-E742-4ADB-A398-1DC4689CBC20}.Debug|Any CPU.ActiveCfg = Debug|Any CPU
		{4CD62F82-E742-4ADB-A398-1DC4689CBC20}.Debug|Any CPU.Build.0 = Debug|Any CPU
		{4CD62F82-E742-4ADB-A398-1DC4689CBC20}.Release|Any CPU.ActiveCfg = Release|Any CPU
		{4CD62F82-E742-4ADB-A398-1DC4689CBC20}.Release|Any CPU.Build.0 = Release|Any CPU
	EndGlobalSection
	GlobalSection(SolutionProperties) = preSolution
		HideSolutionNode = FALSE
	EndGlobalSection
	GlobalSection(ExtensibilityGlobals) = postSolution
		SolutionGuid = {0947F8F7-E0A5-4F27-870A-48F71ADF64E2}
	EndGlobalSection
EndGlobal
